Microsoft Visual Studio Solution File, Format Version 12.00
# Visual Studio Version 17
VisualStudioVersion = 17.14.36301.6
MinimumVisualStudioVersion = 10.0.40219.1
Project("{FAE04EC0-301F-11D3-BF4B-00C04F79EFBC}") = "SharedLibrary", "SharedLibrary\SharedLibrary.csproj", "{2CBDC8C6-9B0B-4DF9-BEF6-5DC593A4AA13}"
EndProject
Project("{FAE04EC0-301F-11D3-BF4B-00C04F79EFBC}") = "UserService", "UserService\UserService.csproj", "{F2167D66-DC76-4A81-B225-72B330670269}"
EndProject
Project("{FAE04EC0-301F-11D3-BF4B-00C04F79EFBC}") = "ResourceService", "ResourceService\ResourceService.csproj", "{E90BB7DC-5F6A-46AC-A4DF-946CA901190A}"
EndProject
Project("{FAE04EC0-301F-11D3-BF4B-00C04F79EFBC}") = "BookingService", "BookingService\BookingService.csproj", "{B8A5C9E1-2F3D-4E6A-9B7C-1D8E5F4A3B2C}"
EndProject
Project("{FAE04EC0-301F-11D3-BF4B-00C04F79EFBC}") = "PaymentService", "PaymentService\PaymentService.csproj", "{672A37A1-1A2D-4B53-A7C6-0FC1589C45E0}"
EndProject
Project("{2150E333-8FDC-42A3-9474-1A3956D46DE8}") = "Solution Items", "Solution Items", "{8EC462FD-D22E-90A8-E5CE-7E832BA40C5D}"
EndProject
Project("{FAE04EC0-301F-11D3-BF4B-00C04F79EFBC}") = "ApiGateway", "ApiGateway\ApiGateway.csproj", "{ABE66B30-BD47-A7B2-B17B-5BA67959B026}"
EndProject
Global
	GlobalSection(SolutionConfigurationPlatforms) = preSolution
		Debug|Any CPU = Debug|Any CPU
		Release|Any CPU = Release|Any CPU
	EndGlobalSection
	GlobalSection(ProjectConfigurationPlatforms) = postSolution
		{2CBDC8C6-9B0B-4DF9-BEF6-5DC593A4AA13}.Debug|Any CPU.ActiveCfg = Debug|Any CPU
		{2CBDC8C6-9B0B-4DF9-BEF6-5DC593A4AA13}.Debug|Any CPU.Build.0 = Debug|Any CPU
		{2CBDC8C6-9B0B-4DF9-BEF6-5DC593A4AA13}.Release|Any CPU.ActiveCfg = Release|Any CPU
		{2CBDC8C6-9B0B-4DF9-BEF6-5DC593A4AA13}.Release|Any CPU.Build.0 = Release|Any CPU
		{F2167D66-DC76-4A81-B225-72B330670269}.Debug|Any CPU.ActiveCfg = Debug|Any CPU
		{F2167D66-DC76-4A81-B225-72B330670269}.Debug|Any CPU.Build.0 = Debug|Any CPU
		{F2167D66-DC76-4A81-B225-72B330670269}.Release|Any CPU.ActiveCfg = Release|Any CPU
		{F2167D66-DC76-4A81-B225-72B330670269}.Release|Any CPU.Build.0 = Release|Any CPU
		{E90BB7DC-5F6A-46AC-A4DF-946CA901190A}.Debug|Any CPU.ActiveCfg = Debug|Any CPU
		{E90BB7DC-5F6A-46AC-A4DF-946CA901190A}.Debug|Any CPU.Build.0 = Debug|Any CPU
		{E90BB7DC-5F6A-46AC-A4DF-946CA901190A}.Release|Any CPU.ActiveCfg = Release|Any CPU
		{E90BB7DC-5F6A-46AC-A4DF-946CA901190A}.Release|Any CPU.Build.0 = Release|Any CPU
		{B8A5C9E1-2F3D-4E6A-9B7C-1D8E5F4A3B2C}.Debug|Any CPU.ActiveCfg = Debug|Any CPU
		{B8A5C9E1-2F3D-4E6A-9B7C-1D8E5F4A3B2C}.Debug|Any CPU.Build.0 = Debug|Any CPU
		{B8A5C9E1-2F3D-4E6A-9B7C-1D8E5F4A3B2C}.Release|Any CPU.ActiveCfg = Release|Any CPU
		{B8A5C9E1-2F3D-4E6A-9B7C-1D8E5F4A3B2C}.Release|Any CPU.Build.0 = Release|Any CPU
		{672A37A1-1A2D-4B53-A7C6-0FC1589C45E0}.Debug|Any CPU.ActiveCfg = Debug|Any CPU
		{672A37A1-1A2D-4B53-A7C6-0FC1589C45E0}.Debug|Any CPU.Build.0 = Debug|Any CPU
		{672A37A1-1A2D-4B53-A7C6-0FC1589C45E0}.Release|Any CPU.ActiveCfg = Release|Any CPU
		{672A37A1-1A2D-4B53-A7C6-0FC1589C45E0}.Release|Any CPU.Build.0 = Release|Any CPU
		{ABE66B30-BD47-A7B2-B17B-5BA67959B026}.Debug|Any CPU.ActiveCfg = Debug|Any CPU
		{ABE66B30-BD47-A7B2-B17B-5BA67959B026}.Debug|Any CPU.Build.0 = Debug|Any CPU
		{ABE66B30-BD47-A7B2-B17B-5BA67959B026}.Release|Any CPU.ActiveCfg = Release|Any CPU
		{ABE66B30-BD47-A7B2-B17B-5BA67959B026}.Release|Any CPU.Build.0 = Release|Any CPU
	EndGlobalSection
	GlobalSection(SolutionProperties) = preSolution
		HideSolutionNode = FALSE
	EndGlobalSection
	GlobalSection(ExtensibilityGlobals) = postSolution
		SolutionGuid = {366B83FF-BA1D-4EBE-AC9E-41E385A7236D}
	EndGlobalSection
EndGlobal
